
Microsoft Visual Studio Solution File, Format Version 12.00
# Visual Studio Version 17
VisualStudioVersion = 17.14.36109.1
MinimumVisualStudioVersion = 10.0.40219.1
Project("{FAE04EC0-301F-11D3-BF4B-00C04F79EFBC}") = "GMPS.API", "GMPS.API\GMPS.API.csproj", "{19D16E68-AA02-44D3-BC25-A2F9222C3073}"
EndProject
Project("{FAE04EC0-301F-11D3-BF4B-00C04F79EFBC}") = "GPMS.DOMAIN", "GPMS.DOMAIN\GPMS.DOMAIN.csproj", "{90FC43FB-5FC8-4FAF-A81F-B42FEB208C8C}"
EndProject
Project("{FAE04EC0-301F-11D3-BF4B-00C04F79EFBC}") = "GPMS.APPLICATION", "GPMS.APPLICATION\GPMS.APPLICATION.csproj", "{2BC8CD39-29E1-40BB-BB1F-F31A54C1119E}"
EndProject
Project("{FAE04EC0-301F-11D3-BF4B-00C04F79EFBC}") = "GPMS.INFRASTRUCTURE", "GPMS.INFRASTRUCTURE\GPMS.INFRASTRUCTURE.csproj", "{9DE40DD3-511C-440D-817E-FD7BCF02750F}"
EndProject
Global
	GlobalSection(SolutionConfigurationPlatforms) = preSolution
		Debug|Any CPU = Debug|Any CPU
		Release|Any CPU = Release|Any CPU
	EndGlobalSection
	GlobalSection(ProjectConfigurationPlatforms) = postSolution
		{19D16E68-AA02-44D3-BC25-A2F9222C3073}.Debug|Any CPU.ActiveCfg = Debug|Any CPU
		{19D16E68-AA02-44D3-BC25-A2F9222C3073}.Debug|Any CPU.Build.0 = Debug|Any CPU
		{19D16E68-AA02-44D3-BC25-A2F9222C3073}.Release|Any CPU.ActiveCfg = Release|Any CPU
		{19D16E68-AA02-44D3-BC25-A2F9222C3073}.Release|Any CPU.Build.0 = Release|Any CPU
		{90FC43FB-5FC8-4FAF-A81F-B42FEB208C8C}.Debug|Any CPU.ActiveCfg = Debug|Any CPU
		{90FC43FB-5FC8-4FAF-A81F-B42FEB208C8C}.Debug|Any CPU.Build.0 = Debug|Any CPU
		{90FC43FB-5FC8-4FAF-A81F-B42FEB208C8C}.Release|Any CPU.ActiveCfg = Release|Any CPU
		{90FC43FB-5FC8-4FAF-A81F-B42FEB208C8C}.Release|Any CPU.Build.0 = Release|Any CPU
		{2BC8CD39-29E1-40BB-BB1F-F31A54C1119E}.Debug|Any CPU.ActiveCfg = Debug|Any CPU
		{2BC8CD39-29E1-40BB-BB1F-F31A54C1119E}.Debug|Any CPU.Build.0 = Debug|Any CPU
		{2BC8CD39-29E1-40BB-BB1F-F31A54C1119E}.Release|Any CPU.ActiveCfg = Release|Any CPU
		{2BC8CD39-29E1-40BB-BB1F-F31A54C1119E}.Release|Any CPU.Build.0 = Release|Any CPU
		{9DE40DD3-511C-440D-817E-FD7BCF02750F}.Debug|Any CPU.ActiveCfg = Debug|Any CPU
		{9DE40DD3-511C-440D-817E-FD7BCF02750F}.Debug|Any CPU.Build.0 = Debug|Any CPU
		{9DE40DD3-511C-440D-817E-FD7BCF02750F}.Release|Any CPU.ActiveCfg = Release|Any CPU
		{9DE40DD3-511C-440D-817E-FD7BCF02750F}.Release|Any CPU.Build.0 = Release|Any CPU
	EndGlobalSection
	GlobalSection(SolutionProperties) = preSolution
		HideSolutionNode = FALSE
	EndGlobalSection
	GlobalSection(ExtensibilityGlobals) = postSolution
		SolutionGuid = {40D80DF3-0420-4B92-AC08-CDBF01557709}
	EndGlobalSection
EndGlobal
